
Microsoft Visual Studio Solution File, Format Version 12.00
# Visual Studio Version 17
VisualStudioVersion = 17.7.34018.315
MinimumVisualStudioVersion = 10.0.40219.1
Project("{FAE04EC0-301F-11D3-BF4B-00C04F79EFBC}") = "BT1", "BT1\BT1.csproj", "{91C15D81-3235-47DA-BF53-2C6A035574AF}"
EndProject
Global
	GlobalSection(SolutionConfigurationPlatforms) = preSolution
		Debug|Any CPU = Debug|Any CPU
		Release|Any CPU = Release|Any CPU
	EndGlobalSection
	GlobalSection(ProjectConfigurationPlatforms) = postSolution
		{91C15D81-3235-47DA-BF53-2C6A035574AF}.Debug|Any CPU.ActiveCfg = Debug|Any CPU
		{91C15D81-3235-47DA-BF53-2C6A035574AF}.Debug|Any CPU.Build.0 = Debug|Any CPU
		{91C15D81-3235-47DA-BF53-2C6A035574AF}.Release|Any CPU.ActiveCfg = Release|Any CPU
		{91C15D81-3235-47DA-BF53-2C6A035574AF}.Release|Any CPU.Build.0 = Release|Any CPU
	EndGlobalSection
	GlobalSection(SolutionProperties) = preSolution
		HideSolutionNode = FALSE
	EndGlobalSection
	GlobalSection(ExtensibilityGlobals) = postSolution
		SolutionGuid = {DE2A37B7-6614-4FA5-A67F-BD3AAA66E632}
	EndGlobalSection
EndGlobal
